<?xml version="1.0" encoding="utf-8"?>
<Project ToolsVersion="4.0" xmlns="http://schemas.microsoft.com/developer/msbuild/2003">
  <ItemGroup>
    <Filter Include="Source">
      <UniqueIdentifier>{56EB95D1-428D-C0A7-2B48-D4FB178947F8}</UniqueIdentifier>
    </Filter>
    <Filter Include="Source\Core">
      <UniqueIdentifier>{6E95150F-DA4A-8E04-633F-88DBCFF38408}</UniqueIdentifier>
    </Filter>
    <Filter Include="Source\Core\Application">
      <UniqueIdentifier>{3166B082-9D9D-F819-A6A7-5C3D125E1F13}</UniqueIdentifier>
    </Filter>
    <Filter Include="Source\Core\Containers">
      <UniqueIdentifier>{33573A62-1F51-63B4-08BE-F9C4F456C920}</UniqueIdentifier>
    </Filter>
    <Filter Include="Source\Core\Launch">
      <UniqueIdentifier>{38F7FB54-24DB-BCAA-8D3B-B7FD793EA72C}</UniqueIdentifier>
    </Filter>
  </ItemGroup>
  <ItemGroup>
    <ClInclude Include="Source\Wraith\Core\Application\Application.h">
      <Filter>Source\Core\Application</Filter>
    </ClInclude>
    <ClInclude Include="Source\Wraith\Core\Containers\Array.h">
      <Filter>Source\Core\Containers</Filter>
    </ClInclude>
    <ClInclude Include="Source\Wraith\Core\Containers\ContainerDefines.h">
      <Filter>Source\Core\Containers</Filter>
    </ClInclude>
    <ClInclude Include="Source\Wraith\Core\Containers\String.h">
      <Filter>Source\Core\Containers</Filter>
    </ClInclude>
    <ClInclude Include="Source\Wraith\Core\Containers\Vector.h">
      <Filter>Source\Core\Containers</Filter>
    </ClInclude>
    <ClInclude Include="Source\Wraith\Core\Core.h">
      <Filter>Source\Core</Filter>
    </ClInclude>
    <ClInclude Include="Source\Wraith\Core\Launch\Launch.h">
      <Filter>Source\Core\Launch</Filter>
    </ClInclude>
    <ClInclude Include="Source\Wraith\Core\Types.h">
      <Filter>Source\Core</Filter>
    </ClInclude>
  </ItemGroup>
  <ItemGroup>
    <ClCompile Include="Source\Wraith\Core\Application\Application.cpp">
      <Filter>Source\Core\Application</Filter>
    </ClCompile>
  </ItemGroup>
</Project>